
Microsoft Visual Studio Solution File, Format Version 12.00
# Visual Studio 14
VisualStudioVersion = 14.0.23107.0
MinimumVisualStudioVersion = 10.0.40219.1
Project("{FAE04EC0-301F-11D3-BF4B-00C04F79EFBC}") = "CloudBlobBackedObject", "CloudBlobBackedObject\CloudBlobBackedObject.csproj", "{4E881E8C-0154-4D09-80FD-F4E04F0760B4}"
EndProject
Project("{2150E333-8FDC-42A3-9474-1A3956D46DE8}") = "nuget", "nuget", "{CC6A461D-375D-43B2-8910-D9DF21919A4D}"
	ProjectSection(SolutionItems) = preProject
		..\nuget\CloudBlobBackedObject.nuspec = ..\nuget\CloudBlobBackedObject.nuspec
	EndProjectSection
EndProject
Project("{FAE04EC0-301F-11D3-BF4B-00C04F79EFBC}") = "CloudBlobBackedObjectTests", "CloudBlobBackedObjectTests\CloudBlobBackedObjectTests.csproj", "{EE6C622D-66AC-4F4C-AEF3-4D31CB2C0CE5}"
EndProject
Global
	GlobalSection(SolutionConfigurationPlatforms) = preSolution
		Debug|Any CPU = Debug|Any CPU
		Release|Any CPU = Release|Any CPU
	EndGlobalSection
	GlobalSection(ProjectConfigurationPlatforms) = postSolution
		{4E881E8C-0154-4D09-80FD-F4E04F0760B4}.Debug|Any CPU.ActiveCfg = Debug|Any CPU
		{4E881E8C-0154-4D09-80FD-F4E04F0760B4}.Debug|Any CPU.Build.0 = Debug|Any CPU
		{4E881E8C-0154-4D09-80FD-F4E04F0760B4}.Release|Any CPU.ActiveCfg = Release|Any CPU
		{4E881E8C-0154-4D09-80FD-F4E04F0760B4}.Release|Any CPU.Build.0 = Release|Any CPU
		{EE6C622D-66AC-4F4C-AEF3-4D31CB2C0CE5}.Debug|Any CPU.ActiveCfg = Debug|Any CPU
		{EE6C622D-66AC-4F4C-AEF3-4D31CB2C0CE5}.Debug|Any CPU.Build.0 = Debug|Any CPU
		{EE6C622D-66AC-4F4C-AEF3-4D31CB2C0CE5}.Release|Any CPU.ActiveCfg = Release|Any CPU
		{EE6C622D-66AC-4F4C-AEF3-4D31CB2C0CE5}.Release|Any CPU.Build.0 = Release|Any CPU
	EndGlobalSection
	GlobalSection(SolutionProperties) = preSolution
		HideSolutionNode = FALSE
	EndGlobalSection
EndGlobal
